
Microsoft Visual Studio Solution File, Format Version 12.00
# Visual Studio Version 16
VisualStudioVersion = 16.0.31129.286
MinimumVisualStudioVersion = 10.0.40219.1
Project("{8BC9CEB8-8B4A-11D0-8D11-00A0C91BC942}") = "GestionCinesModel", "GestionCinesModel\GestionCinesModel.vcxproj", "{4CD8F586-875A-49B2-A1E1-FD3F88680AEC}"
EndProject
Project("{8BC9CEB8-8B4A-11D0-8D11-00A0C91BC942}") = "GestionCinesController", "GestionCinesController\GestionCinesController.vcxproj", "{AC765E0B-271E-4A20-B7D1-52F4830B1DDA}"
EndProject
Project("{8BC9CEB8-8B4A-11D0-8D11-00A0C91BC942}") = "GestionCinesView", "GestionCinesView\GestionCinesView.vcxproj", "{9B8D44FF-9C15-4708-ABDF-C76975693CB3}"
EndProject
Global
	GlobalSection(SolutionConfigurationPlatforms) = preSolution
		Debug|x64 = Debug|x64
		Debug|x86 = Debug|x86
		Release|x64 = Release|x64
		Release|x86 = Release|x86
	EndGlobalSection
	GlobalSection(ProjectConfigurationPlatforms) = postSolution
		{4CD8F586-875A-49B2-A1E1-FD3F88680AEC}.Debug|x64.ActiveCfg = Debug|x64
		{4CD8F586-875A-49B2-A1E1-FD3F88680AEC}.Debug|x64.Build.0 = Debug|x64
		{4CD8F586-875A-49B2-A1E1-FD3F88680AEC}.Debug|x86.ActiveCfg = Debug|Win32
		{4CD8F586-875A-49B2-A1E1-FD3F88680AEC}.Debug|x86.Build.0 = Debug|Win32
		{4CD8F586-875A-49B2-A1E1-FD3F88680AEC}.Release|x64.ActiveCfg = Release|x64
		{4CD8F586-875A-49B2-A1E1-FD3F88680AEC}.Release|x64.Build.0 = Release|x64
		{4CD8F586-875A-49B2-A1E1-FD3F88680AEC}.Release|x86.ActiveCfg = Release|Win32
		{4CD8F586-875A-49B2-A1E1-FD3F88680AEC}.Release|x86.Build.0 = Release|Win32
		{AC765E0B-271E-4A20-B7D1-52F4830B1DDA}.Debug|x64.ActiveCfg = Debug|x64
		{AC765E0B-271E-4A20-B7D1-52F4830B1DDA}.Debug|x64.Build.0 = Debug|x64
		{AC765E0B-271E-4A20-B7D1-52F4830B1DDA}.Debug|x86.ActiveCfg = Debug|Win32
		{AC765E0B-271E-4A20-B7D1-52F4830B1DDA}.Debug|x86.Build.0 = Debug|Win32
		{AC765E0B-271E-4A20-B7D1-52F4830B1DDA}.Release|x64.ActiveCfg = Release|x64
		{AC765E0B-271E-4A20-B7D1-52F4830B1DDA}.Release|x64.Build.0 = Release|x64
		{AC765E0B-271E-4A20-B7D1-52F4830B1DDA}.Release|x86.ActiveCfg = Release|Win32
		{AC765E0B-271E-4A20-B7D1-52F4830B1DDA}.Release|x86.Build.0 = Release|Win32
		{9B8D44FF-9C15-4708-ABDF-C76975693CB3}.Debug|x64.ActiveCfg = Debug|x64
		{9B8D44FF-9C15-4708-ABDF-C76975693CB3}.Debug|x64.Build.0 = Debug|x64
		{9B8D44FF-9C15-4708-ABDF-C76975693CB3}.Debug|x86.ActiveCfg = Debug|Win32
		{9B8D44FF-9C15-4708-ABDF-C76975693CB3}.Debug|x86.Build.0 = Debug|Win32
		{9B8D44FF-9C15-4708-ABDF-C76975693CB3}.Release|x64.ActiveCfg = Release|x64
		{9B8D44FF-9C15-4708-ABDF-C76975693CB3}.Release|x64.Build.0 = Release|x64
		{9B8D44FF-9C15-4708-ABDF-C76975693CB3}.Release|x86.ActiveCfg = Release|Win32
		{9B8D44FF-9C15-4708-ABDF-C76975693CB3}.Release|x86.Build.0 = Release|Win32
	EndGlobalSection
	GlobalSection(SolutionProperties) = preSolution
		HideSolutionNode = FALSE
	EndGlobalSection
	GlobalSection(ExtensibilityGlobals) = postSolution
		SolutionGuid = {CBD95BDA-6789-4B9B-865C-8608F6FE9E05}
	EndGlobalSection
EndGlobal
